
Microsoft Visual Studio Solution File, Format Version 12.00
# Visual Studio Version 17
VisualStudioVersion = 17.9.34728.123
MinimumVisualStudioVersion = 10.0.40219.1
Project("{FAE04EC0-301F-11D3-BF4B-00C04F79EFBC}") = "WpfApp6", "WpfApp6\WpfApp6.csproj", "{8CC92689-D34B-44DA-8EB3-5DAF85C8DC02}"
EndProject
Global
	GlobalSection(SolutionConfigurationPlatforms) = preSolution
		Debug|Any CPU = Debug|Any CPU
		Release|Any CPU = Release|Any CPU
	EndGlobalSection
	GlobalSection(ProjectConfigurationPlatforms) = postSolution
		{8CC92689-D34B-44DA-8EB3-5DAF85C8DC02}.Debug|Any CPU.ActiveCfg = Debug|Any CPU
		{8CC92689-D34B-44DA-8EB3-5DAF85C8DC02}.Debug|Any CPU.Build.0 = Debug|Any CPU
		{8CC92689-D34B-44DA-8EB3-5DAF85C8DC02}.Release|Any CPU.ActiveCfg = Release|Any CPU
		{8CC92689-D34B-44DA-8EB3-5DAF85C8DC02}.Release|Any CPU.Build.0 = Release|Any CPU
	EndGlobalSection
	GlobalSection(SolutionProperties) = preSolution
		HideSolutionNode = FALSE
	EndGlobalSection
	GlobalSection(ExtensibilityGlobals) = postSolution
		SolutionGuid = {CD452395-9F3A-409D-AF66-B21481BC8AA3}
	EndGlobalSection
EndGlobal
